
Microsoft Visual Studio Solution File, Format Version 12.00
# Visual Studio Version 16
VisualStudioVersion = 16.0.29503.13
MinimumVisualStudioVersion = 10.0.40219.1
Project("{FAE04EC0-301F-11D3-BF4B-00C04F79EFBC}") = "BlazorApp3", "BlazorApp3\BlazorApp3.csproj", "{341CB2E5-FA95-4DB4-803B-C1A489D292A7}"
EndProject
Global
	GlobalSection(SolutionConfigurationPlatforms) = preSolution
		Debug|Any CPU = Debug|Any CPU
		Release|Any CPU = Release|Any CPU
	EndGlobalSection
	GlobalSection(ProjectConfigurationPlatforms) = postSolution
		{341CB2E5-FA95-4DB4-803B-C1A489D292A7}.Debug|Any CPU.ActiveCfg = Debug|Any CPU
		{341CB2E5-FA95-4DB4-803B-C1A489D292A7}.Debug|Any CPU.Build.0 = Debug|Any CPU
		{341CB2E5-FA95-4DB4-803B-C1A489D292A7}.Release|Any CPU.ActiveCfg = Release|Any CPU
		{341CB2E5-FA95-4DB4-803B-C1A489D292A7}.Release|Any CPU.Build.0 = Release|Any CPU
	EndGlobalSection
	GlobalSection(SolutionProperties) = preSolution
		HideSolutionNode = FALSE
	EndGlobalSection
	GlobalSection(ExtensibilityGlobals) = postSolution
		SolutionGuid = {8E3DA299-1CD3-4F53-970C-A6DEAFA062C4}
	EndGlobalSection
EndGlobal
